
Microsoft Visual Studio Solution File, Format Version 10.00
# Visual C# Express 2008
Project("{FAE04EC0-301F-11D3-BF4B-00C04F79EFBC}") = "SchedulerPBP Honey", "SchedulerPBP Honey.csproj", "{23BB4A27-C291-42B4-B3C6-7C74B6696CDE}"
EndProject
Global
	GlobalSection(SolutionConfigurationPlatforms) = preSolution
		Debug|Any CPU = Debug|Any CPU
		Release|Any CPU = Release|Any CPU
	EndGlobalSection
	GlobalSection(ProjectConfigurationPlatforms) = postSolution
		{23BB4A27-C291-42B4-B3C6-7C74B6696CDE}.Debug|Any CPU.ActiveCfg = Debug|Any CPU
		{23BB4A27-C291-42B4-B3C6-7C74B6696CDE}.Debug|Any CPU.Build.0 = Debug|Any CPU
		{23BB4A27-C291-42B4-B3C6-7C74B6696CDE}.Release|Any CPU.ActiveCfg = Release|Any CPU
		{23BB4A27-C291-42B4-B3C6-7C74B6696CDE}.Release|Any CPU.Build.0 = Release|Any CPU
	EndGlobalSection
	GlobalSection(SolutionProperties) = preSolution
		HideSolutionNode = FALSE
	EndGlobalSection
EndGlobal
